
Microsoft Visual Studio Solution File, Format Version 12.00
# Visual Studio Version 17
VisualStudioVersion = 17.11.35222.181
MinimumVisualStudioVersion = 10.0.40219.1
Project("{FAE04EC0-301F-11D3-BF4B-00C04F79EFBC}") = "FakeStoreApp", "FakeStoreApp\FakeStoreApp.csproj", "{89FC2E7F-E11B-4897-BFF0-0D5C757EA1B1}"
EndProject
Global
	GlobalSection(SolutionConfigurationPlatforms) = preSolution
		Debug|Any CPU = Debug|Any CPU
		Release|Any CPU = Release|Any CPU
	EndGlobalSection
	GlobalSection(ProjectConfigurationPlatforms) = postSolution
		{89FC2E7F-E11B-4897-BFF0-0D5C757EA1B1}.Debug|Any CPU.ActiveCfg = Debug|Any CPU
		{89FC2E7F-E11B-4897-BFF0-0D5C757EA1B1}.Debug|Any CPU.Build.0 = Debug|Any CPU
		{89FC2E7F-E11B-4897-BFF0-0D5C757EA1B1}.Debug|Any CPU.Deploy.0 = Debug|Any CPU
		{89FC2E7F-E11B-4897-BFF0-0D5C757EA1B1}.Release|Any CPU.ActiveCfg = Release|Any CPU
		{89FC2E7F-E11B-4897-BFF0-0D5C757EA1B1}.Release|Any CPU.Build.0 = Release|Any CPU
		{89FC2E7F-E11B-4897-BFF0-0D5C757EA1B1}.Release|Any CPU.Deploy.0 = Release|Any CPU
	EndGlobalSection
	GlobalSection(SolutionProperties) = preSolution
		HideSolutionNode = FALSE
	EndGlobalSection
	GlobalSection(ExtensibilityGlobals) = postSolution
		SolutionGuid = {539334D3-C732-451D-AC38-F23447F4CCE9}
	EndGlobalSection
EndGlobal
